
Microsoft Visual Studio Solution File, Format Version 12.00
# Visual Studio 2013
VisualStudioVersion = 12.0.31101.0
MinimumVisualStudioVersion = 10.0.40219.1
Project("{FAE04EC0-301F-11D3-BF4B-00C04F79EFBC}") = "Sender", "Sender\Sender.csproj", "{15E31984-DC7B-42E3-81E6-E4266479B4F9}"
EndProject
Project("{FAE04EC0-301F-11D3-BF4B-00C04F79EFBC}") = "Receiver", "Receiver\Receiver.csproj", "{641FF29C-29B1-4BC9-B1A3-73B6780D8BE4}"
EndProject
Project("{FAE04EC0-301F-11D3-BF4B-00C04F79EFBC}") = "Messages", "Messages\Messages.csproj", "{2F9A399F-2FEF-4C1A-930F-0F494854201C}"
EndProject
Global
	GlobalSection(SolutionConfigurationPlatforms) = preSolution
		Debug|Any CPU = Debug|Any CPU
		Release|Any CPU = Release|Any CPU
	EndGlobalSection
	GlobalSection(ProjectConfigurationPlatforms) = postSolution
		{15E31984-DC7B-42E3-81E6-E4266479B4F9}.Debug|Any CPU.ActiveCfg = Debug|Any CPU
		{15E31984-DC7B-42E3-81E6-E4266479B4F9}.Debug|Any CPU.Build.0 = Debug|Any CPU
		{15E31984-DC7B-42E3-81E6-E4266479B4F9}.Release|Any CPU.ActiveCfg = Release|Any CPU
		{15E31984-DC7B-42E3-81E6-E4266479B4F9}.Release|Any CPU.Build.0 = Release|Any CPU
		{641FF29C-29B1-4BC9-B1A3-73B6780D8BE4}.Debug|Any CPU.ActiveCfg = Debug|Any CPU
		{641FF29C-29B1-4BC9-B1A3-73B6780D8BE4}.Debug|Any CPU.Build.0 = Debug|Any CPU
		{641FF29C-29B1-4BC9-B1A3-73B6780D8BE4}.Release|Any CPU.ActiveCfg = Release|Any CPU
		{641FF29C-29B1-4BC9-B1A3-73B6780D8BE4}.Release|Any CPU.Build.0 = Release|Any CPU
		{2F9A399F-2FEF-4C1A-930F-0F494854201C}.Debug|Any CPU.ActiveCfg = Debug|Any CPU
		{2F9A399F-2FEF-4C1A-930F-0F494854201C}.Debug|Any CPU.Build.0 = Debug|Any CPU
		{2F9A399F-2FEF-4C1A-930F-0F494854201C}.Release|Any CPU.ActiveCfg = Release|Any CPU
		{2F9A399F-2FEF-4C1A-930F-0F494854201C}.Release|Any CPU.Build.0 = Release|Any CPU
	EndGlobalSection
	GlobalSection(SolutionProperties) = preSolution
		HideSolutionNode = FALSE
	EndGlobalSection
EndGlobal
